# This file is automatically @generated by Poetry 1.8.3 and should not be changed by hand.

[metadata]
content-hash = "1d26435f0e3c28991d9838f0e87ce207cd8f19465289e36ef699192cf442dc77"
lock-version = "2.0"
python-versions = "3.12.3"

[[package]]
description = "Blosc data compressor"
files = [
  {file = "blosc-1.11.2-cp310-cp310-macosx_10_9_x86_64.whl", hash = "sha256:3c72a23463d8bf7aebcd4c5d590aea2041acbc23a48ee80b24701e8cf5a8fb15"},
  {file = "blosc-1.11.2-cp310-cp310-macosx_11_0_arm64.whl", hash = "sha256:8be1f0f62b4d86e3c463d2748d242981669318c3fb5708f62fb628799656b68e"},
  {file = "blosc-1.11.2-cp310-cp310-manylinux_2_17_aarch64.manylinux2014_aarch64.whl", hash = "sha256:dec0681560552cbca4aa168678cccbde00b8f4d0c471383dccc008023caac7f3"},
  {file = "blosc-1.11.2-cp310-cp310-manylinux_2_17_x86_64.manylinux2014_x86_64.whl", hash = "sha256:4d00dd1050fbda9b6dbabbe054bd006c2b9eb03561bf59827eed7927f146dbb2"},
  {file = "blosc-1.11.2-cp310-cp310-musllinux_1_2_aarch64.whl", hash = "sha256:41112ded3371711a689573711f77b240ac35a5f2108d884c3ef20fb471977bdb"},
  {file = "blosc-1.11.2-cp310-cp310-musllinux_1_2_x86_64.whl", hash = "sha256:c5db40ac4e8439c2cd68bfbd98db0959187034c74aeecfdaba5554adb9e8f455"},
  {file = "blosc-1.11.2-cp310-cp310-win32.whl", hash = "sha256:4e153c9986ee033cb0d8e61bc059ad2fd093d9eef70e0240ee5947bdf23ea728"},
  {file = "blosc-1.11.2-cp310-cp310-win_amd64.whl", hash = "sha256:ad2dc8284733bb5d7fd62cab825f25d6e1d2ef846dcb60183afdd43fb3db726a"},
  {file = "blosc-1.11.2-cp311-cp311-macosx_10_9_x86_64.whl", hash = "sha256:0c7505e61049456b587c513a78432810c99944b0045842053b9a76348ae29848"},
  {file = "blosc-1.11.2-cp311-cp311-macosx_11_0_arm64.whl", hash = "sha256:add97363136192343fbebbf5660abbf90438e45436a4d7764b66b5baa7d8efb5"},
  {file = "blosc-1.11.2-cp311-cp311-manylinux_2_17_aarch64.manylinux2014_aarch64.whl", hash = "sha256:b1199acf412662a3040156194c0b8204defe75b982ac93cc02aea2285221c633"},
  {file = "blosc-1.11.2-cp311-cp311-manylinux_2_17_x86_64.manylinux2014_x86_64.whl", hash = "sha256:ff82238e7f028b3f8a3745210f165067ea60f8b693f082a77d740c971acf3813"},
  {file = "blosc-1.11.2-cp311-cp311-musllinux_1_2_aarch64.whl", hash = "sha256:649803ca91da799d7e367bc3c5535a649502c53e7c21168d811ae16ec45bc0b4"},
  {file = "blosc-1.11.2-cp311-cp311-musllinux_1_2_x86_64.whl", hash = "sha256:9c554d9e4e434ed14b8e298ac5a49166e9df13e28a94b38174540cf4e417909a"},
  {file = "blosc-1.11.2-cp311-cp311-win32.whl", hash = "sha256:888f1cb535f55fce4490d9d7cc6037faa6c324050ce5f51b7459789d79a87d89"},
  {file = "blosc-1.11.2-cp311-cp311-win_amd64.whl", hash = "sha256:907e59c69f7dfc4151ad912aae0948f0aa6d072ae05785dcc1c5b94f65999df7"},
  {file = "blosc-1.11.2-cp312-cp312-macosx_10_9_x86_64.whl", hash = "sha256:587d0bae031e894af6e1f9b3f3d31bc63e958ea5d3d11f4e77d0c167a89294f2"},
  {file = "blosc-1.11.2-cp312-cp312-macosx_11_0_arm64.whl", hash = "sha256:a49e6d7361c28dd13e3101864ec582f926f1a0412d4d35866fede92538564f63"},
  {file = "blosc-1.11.2-cp312-cp312-manylinux_2_17_aarch64.manylinux2014_aarch64.whl", hash = "sha256:1be3ae38210d7a68594328d7704202ebd326829668f378e8ef00d2e34dbee086"},
  {file = "blosc-1.11.2-cp312-cp312-manylinux_2_17_x86_64.manylinux2014_x86_64.whl", hash = "sha256:24985254eb33199473e2960e56cea7c6642cd45635ba4944a3a0fafca75b3e23"},
  {file = "blosc-1.11.2-cp312-cp312-musllinux_1_2_aarch64.whl", hash = "sha256:f94643c27e96141615d345a37f4ff6ab048340c7e5ebaced4e8c205bbb12b15f"},
  {file = "blosc-1.11.2-cp312-cp312-musllinux_1_2_x86_64.whl", hash = "sha256:c84d4509d1a22e9cd8c8a48d86310cb808949ea06cde143b62042ba8bd3156b9"},
  {file = "blosc-1.11.2-cp312-cp312-win32.whl", hash = "sha256:9d52f7b24ef99d18c6bfa6b766b69ea0488a3947ed2e6136c85952e866140ca4"},
  {file = "blosc-1.11.2-cp312-cp312-win_amd64.whl", hash = "sha256:f6cbafa32ce0435f755d8e785e836df21f4e061a92bb0966ce49c36f19e8f57c"},
  {file = "blosc-1.11.2-cp39-cp39-macosx_10_9_x86_64.whl", hash = "sha256:3f799144079f6a30dd3894fda870c91bfeb38854fbca19287340f865f590b253"},
  {file = "blosc-1.11.2-cp39-cp39-macosx_11_0_arm64.whl", hash = "sha256:167ab728ad2c8487603817bd50210953f0cf3ad7fe9e54320721cf61d8847ac2"},
  {file = "blosc-1.11.2-cp39-cp39-manylinux_2_17_aarch64.manylinux2014_aarch64.whl", hash = "sha256:25171ebd1bb223844a2c78993399edf5aeea0cd02a4a41fc300dd7919bea17cb"},
  {file = "blosc-1.11.2-cp39-cp39-manylinux_2_17_x86_64.manylinux2014_x86_64.whl", hash = "sha256:15d0c214c6be07e2990aa5624c4a4dd85564752df70efa2aadfe9362d81bef29"},
  {file = "blosc-1.11.2-cp39-cp39-musllinux_1_2_aarch64.whl", hash = "sha256:f577dcce3bf86f806d0abf1ae48fb17ee5be207121edbe22f74235aaae6f1741"},
  {file = "blosc-1.11.2-cp39-cp39-musllinux_1_2_x86_64.whl", hash = "sha256:57c31e9d5cfaa32477cef04f3581464292319ba2e432be0d3aaaff16d684e4ea"},
  {file = "blosc-1.11.2-cp39-cp39-win32.whl", hash = "sha256:cf46b686be123af5d240da91a3caf023f61b58486cb878c42e75eda77c519dd3"},
  {file = "blosc-1.11.2-cp39-cp39-win_amd64.whl", hash = "sha256:e643ff14fdc1209838c4e5e66f1dd838c8dcf4c91168fa9f37dbb54a3dc2eedd"},
  {file = "blosc-1.11.2.tar.gz", hash = "sha256:ac5e7c1bfc1c7232b900be94cddb5ffcf9ea49f313c8ae98a7ca0dd87b872bf4"}
]
name = "blosc"
optional = false
python-versions = ">=3.9"
version = "1.11.2"

[[package]]
description = "Cross-platform colored terminal text."
files = [
  {file = "colorama-0.4.6-py2.py3-none-any.whl", hash = "sha256:4f1d9991f5acc0ca119f9d443620b77f9d6b33703e51011c16baf57afb285fc6"},
  {file = "colorama-0.4.6.tar.gz", hash = "sha256:08695f5cb7ed6e0531a20572697297273c47b8cae5a63ffc6d6ed5c201be6e44"}
]
name = "colorama"
optional = false
python-versions = "!=3.0.*,!=3.1.*,!=3.2.*,!=3.3.*,!=3.4.*,!=3.5.*,!=3.6.*,>=2.7"
version = "0.4.6"

[[package]]
description = "brain-dead simple config-ini parsing"
files = [
  {file = "iniconfig-2.0.0-py3-none-any.whl", hash = "sha256:b6a85871a79d2e3b22d2d1b94ac2824226a63c6b741c88f7ae975f18b6778374"},
  {file = "iniconfig-2.0.0.tar.gz", hash = "sha256:2d91e135bf72d31a410b17c16da610a82cb55f6b0477d1a902134b24a455b8b3"}
]
name = "iniconfig"
optional = false
python-versions = ">=3.7"
version = "2.0.0"

[[package]]
description = "Fundamental package for array computing in Python"
files = [
  {file = "numpy-2.0.1-cp310-cp310-macosx_10_9_x86_64.whl", hash = "sha256:0fbb536eac80e27a2793ffd787895242b7f18ef792563d742c2d673bfcb75134"},
  {file = "numpy-2.0.1-cp310-cp310-macosx_11_0_arm64.whl", hash = "sha256:69ff563d43c69b1baba77af455dd0a839df8d25e8590e79c90fcbe1499ebde42"},
  {file = "numpy-2.0.1-cp310-cp310-macosx_14_0_arm64.whl", hash = "sha256:1b902ce0e0a5bb7704556a217c4f63a7974f8f43e090aff03fcf262e0b135e02"},
  {file = "numpy-2.0.1-cp310-cp310-macosx_14_0_x86_64.whl", hash = "sha256:f1659887361a7151f89e79b276ed8dff3d75877df906328f14d8bb40bb4f5101"},
  {file = "numpy-2.0.1-cp310-cp310-manylinux_2_17_aarch64.manylinux2014_aarch64.whl", hash = "sha256:4658c398d65d1b25e1760de3157011a80375da861709abd7cef3bad65d6543f9"},
  {file = "numpy-2.0.1-cp310-cp310-manylinux_2_17_x86_64.manylinux2014_x86_64.whl", hash = "sha256:4127d4303b9ac9f94ca0441138acead39928938660ca58329fe156f84b9f3015"},
  {file = "numpy-2.0.1-cp310-cp310-musllinux_1_1_x86_64.whl", hash = "sha256:e5eeca8067ad04bc8a2a8731183d51d7cbaac66d86085d5f4766ee6bf19c7f87"},
  {file = "numpy-2.0.1-cp310-cp310-musllinux_1_2_aarch64.whl", hash = "sha256:9adbd9bb520c866e1bfd7e10e1880a1f7749f1f6e5017686a5fbb9b72cf69f82"},
  {file = "numpy-2.0.1-cp310-cp310-win32.whl", hash = "sha256:7b9853803278db3bdcc6cd5beca37815b133e9e77ff3d4733c247414e78eb8d1"},
  {file = "numpy-2.0.1-cp310-cp310-win_amd64.whl", hash = "sha256:81b0893a39bc5b865b8bf89e9ad7807e16717f19868e9d234bdaf9b1f1393868"},
  {file = "numpy-2.0.1-cp311-cp311-macosx_10_9_x86_64.whl", hash = "sha256:75b4e316c5902d8163ef9d423b1c3f2f6252226d1aa5cd8a0a03a7d01ffc6268"},
  {file = "numpy-2.0.1-cp311-cp311-macosx_11_0_arm64.whl", hash = "sha256:6e4eeb6eb2fced786e32e6d8df9e755ce5be920d17f7ce00bc38fcde8ccdbf9e"},
  {file = "numpy-2.0.1-cp311-cp311-macosx_14_0_arm64.whl", hash = "sha256:a1e01dcaab205fbece13c1410253a9eea1b1c9b61d237b6fa59bcc46e8e89343"},
  {file = "numpy-2.0.1-cp311-cp311-macosx_14_0_x86_64.whl", hash = "sha256:a8fc2de81ad835d999113ddf87d1ea2b0f4704cbd947c948d2f5513deafe5a7b"},
  {file = "numpy-2.0.1-cp311-cp311-manylinux_2_17_aarch64.manylinux2014_aarch64.whl", hash = "sha256:5a3d94942c331dd4e0e1147f7a8699a4aa47dffc11bf8a1523c12af8b2e91bbe"},
  {file = "numpy-2.0.1-cp311-cp311-manylinux_2_17_x86_64.manylinux2014_x86_64.whl", hash = "sha256:15eb4eca47d36ec3f78cde0a3a2ee24cf05ca7396ef808dda2c0ddad7c2bde67"},
  {file = "numpy-2.0.1-cp311-cp311-musllinux_1_1_x86_64.whl", hash = "sha256:b83e16a5511d1b1f8a88cbabb1a6f6a499f82c062a4251892d9ad5d609863fb7"},
  {file = "numpy-2.0.1-cp311-cp311-musllinux_1_2_aarch64.whl", hash = "sha256:1f87fec1f9bc1efd23f4227becff04bd0e979e23ca50cc92ec88b38489db3b55"},
  {file = "numpy-2.0.1-cp311-cp311-win32.whl", hash = "sha256:36d3a9405fd7c511804dc56fc32974fa5533bdeb3cd1604d6b8ff1d292b819c4"},
  {file = "numpy-2.0.1-cp311-cp311-win_amd64.whl", hash = "sha256:08458fbf403bff5e2b45f08eda195d4b0c9b35682311da5a5a0a0925b11b9bd8"},
  {file = "numpy-2.0.1-cp312-cp312-macosx_10_9_x86_64.whl", hash = "sha256:6bf4e6f4a2a2e26655717a1983ef6324f2664d7011f6ef7482e8c0b3d51e82ac"},
  {file = "numpy-2.0.1-cp312-cp312-macosx_11_0_arm64.whl", hash = "sha256:7d6fddc5fe258d3328cd8e3d7d3e02234c5d70e01ebe377a6ab92adb14039cb4"},
  {file = "numpy-2.0.1-cp312-cp312-macosx_14_0_arm64.whl", hash = "sha256:5daab361be6ddeb299a918a7c0864fa8618af66019138263247af405018b04e1"},
  {file = "numpy-2.0.1-cp312-cp312-macosx_14_0_x86_64.whl", hash = "sha256:ea2326a4dca88e4a274ba3a4405eb6c6467d3ffbd8c7d38632502eaae3820587"},
  {file = "numpy-2.0.1-cp312-cp312-manylinux_2_17_aarch64.manylinux2014_aarch64.whl", hash = "sha256:529af13c5f4b7a932fb0e1911d3a75da204eff023ee5e0e79c1751564221a5c8"},
  {file = "numpy-2.0.1-cp312-cp312-manylinux_2_17_x86_64.manylinux2014_x86_64.whl", hash = "sha256:6790654cb13eab303d8402354fabd47472b24635700f631f041bd0b65e37298a"},
  {file = "numpy-2.0.1-cp312-cp312-musllinux_1_1_x86_64.whl", hash = "sha256:cbab9fc9c391700e3e1287666dfd82d8666d10e69a6c4a09ab97574c0b7ee0a7"},
  {file = "numpy-2.0.1-cp312-cp312-musllinux_1_2_aarch64.whl", hash = "sha256:99d0d92a5e3613c33a5f01db206a33f8fdf3d71f2912b0de1739894668b7a93b"},
  {file = "numpy-2.0.1-cp312-cp312-win32.whl", hash = "sha256:173a00b9995f73b79eb0191129f2455f1e34c203f559dd118636858cc452a1bf"},
  {file = "numpy-2.0.1-cp312-cp312-win_amd64.whl", hash = "sha256:bb2124fdc6e62baae159ebcfa368708867eb56806804d005860b6007388df171"},
  {file = "numpy-2.0.1-cp39-cp39-macosx_10_9_x86_64.whl", hash = "sha256:bfc085b28d62ff4009364e7ca34b80a9a080cbd97c2c0630bb5f7f770dae9414"},
  {file = "numpy-2.0.1-cp39-cp39-macosx_11_0_arm64.whl", hash = "sha256:8fae4ebbf95a179c1156fab0b142b74e4ba4204c87bde8d3d8b6f9c34c5825ef"},
  {file = "numpy-2.0.1-cp39-cp39-macosx_14_0_arm64.whl", hash = "sha256:72dc22e9ec8f6eaa206deb1b1355eb2e253899d7347f5e2fae5f0af613741d06"},
  {file = "numpy-2.0.1-cp39-cp39-macosx_14_0_x86_64.whl", hash = "sha256:ec87f5f8aca726117a1c9b7083e7656a9d0d606eec7299cc067bb83d26f16e0c"},
  {file = "numpy-2.0.1-cp39-cp39-manylinux_2_17_aarch64.manylinux2014_aarch64.whl", hash = "sha256:1f682ea61a88479d9498bf2091fdcd722b090724b08b31d63e022adc063bad59"},
  {file = "numpy-2.0.1-cp39-cp39-manylinux_2_17_x86_64.manylinux2014_x86_64.whl", hash = "sha256:8efc84f01c1cd7e34b3fb310183e72fcdf55293ee736d679b6d35b35d80bba26"},
  {file = "numpy-2.0.1-cp39-cp39-musllinux_1_1_x86_64.whl", hash = "sha256:3fdabe3e2a52bc4eff8dc7a5044342f8bd9f11ef0934fcd3289a788c0eb10018"},
  {file = "numpy-2.0.1-cp39-cp39-musllinux_1_2_aarch64.whl", hash = "sha256:24a0e1befbfa14615b49ba9659d3d8818a0f4d8a1c5822af8696706fbda7310c"},
  {file = "numpy-2.0.1-cp39-cp39-win32.whl", hash = "sha256:f9cf5ea551aec449206954b075db819f52adc1638d46a6738253a712d553c7b4"},
  {file = "numpy-2.0.1-cp39-cp39-win_amd64.whl", hash = "sha256:e9e81fa9017eaa416c056e5d9e71be93d05e2c3c2ab308d23307a8bc4443c368"},
  {file = "numpy-2.0.1-pp39-pypy39_pp73-macosx_10_9_x86_64.whl", hash = "sha256:61728fba1e464f789b11deb78a57805c70b2ed02343560456190d0501ba37b0f"},
  {file = "numpy-2.0.1-pp39-pypy39_pp73-macosx_14_0_x86_64.whl", hash = "sha256:12f5d865d60fb9734e60a60f1d5afa6d962d8d4467c120a1c0cda6eb2964437d"},
  {file = "numpy-2.0.1-pp39-pypy39_pp73-manylinux_2_17_x86_64.manylinux2014_x86_64.whl", hash = "sha256:eacf3291e263d5a67d8c1a581a8ebbcfd6447204ef58828caf69a5e3e8c75990"},
  {file = "numpy-2.0.1-pp39-pypy39_pp73-win_amd64.whl", hash = "sha256:2c3a346ae20cfd80b6cfd3e60dc179963ef2ea58da5ec074fd3d9e7a1e7ba97f"},
  {file = "numpy-2.0.1.tar.gz", hash = "sha256:485b87235796410c3519a699cfe1faab097e509e90ebb05dcd098db2ae87e7b3"}
]
name = "numpy"
optional = false
python-versions = ">=3.9"
version = "2.0.1"

[[package]]
description = "Fast, correct Python JSON library supporting dataclasses, datetimes, and numpy"
files = [
  {file = "orjson-3.10.6-cp310-cp310-macosx_10_15_x86_64.macosx_11_0_arm64.macosx_10_15_universal2.whl", hash = "sha256:fb0ee33124db6eaa517d00890fc1a55c3bfe1cf78ba4a8899d71a06f2d6ff5c7"},
  {file = "orjson-3.10.6-cp310-cp310-manylinux_2_17_aarch64.manylinux2014_aarch64.whl", hash = "sha256:9c1c4b53b24a4c06547ce43e5fee6ec4e0d8fe2d597f4647fc033fd205707365"},
  {file = "orjson-3.10.6-cp310-cp310-manylinux_2_17_armv7l.manylinux2014_armv7l.whl", hash = "sha256:eadc8fd310edb4bdbd333374f2c8fec6794bbbae99b592f448d8214a5e4050c0"},
  {file = "orjson-3.10.6-cp310-cp310-manylinux_2_17_ppc64le.manylinux2014_ppc64le.whl", hash = "sha256:61272a5aec2b2661f4fa2b37c907ce9701e821b2c1285d5c3ab0207ebd358d38"},
  {file = "orjson-3.10.6-cp310-cp310-manylinux_2_17_s390x.manylinux2014_s390x.whl", hash = "sha256:57985ee7e91d6214c837936dc1608f40f330a6b88bb13f5a57ce5257807da143"},
  {file = "orjson-3.10.6-cp310-cp310-manylinux_2_17_x86_64.manylinux2014_x86_64.whl", hash = "sha256:633a3b31d9d7c9f02d49c4ab4d0a86065c4a6f6adc297d63d272e043472acab5"},
  {file = "orjson-3.10.6-cp310-cp310-musllinux_1_2_aarch64.whl", hash = "sha256:1c680b269d33ec444afe2bdc647c9eb73166fa47a16d9a75ee56a374f4a45f43"},
  {file = "orjson-3.10.6-cp310-cp310-musllinux_1_2_x86_64.whl", hash = "sha256:f759503a97a6ace19e55461395ab0d618b5a117e8d0fbb20e70cfd68a47327f2"},
  {file = "orjson-3.10.6-cp310-none-win32.whl", hash = "sha256:95a0cce17f969fb5391762e5719575217bd10ac5a189d1979442ee54456393f3"},
  {file = "orjson-3.10.6-cp310-none-win_amd64.whl", hash = "sha256:df25d9271270ba2133cc88ee83c318372bdc0f2cd6f32e7a450809a111efc45c"},
  {file = "orjson-3.10.6-cp311-cp311-macosx_10_15_x86_64.macosx_11_0_arm64.macosx_10_15_universal2.whl", hash = "sha256:b1ec490e10d2a77c345def52599311849fc063ae0e67cf4f84528073152bb2ba"},
  {file = "orjson-3.10.6-cp311-cp311-manylinux_2_17_aarch64.manylinux2014_aarch64.whl", hash = "sha256:55d43d3feb8f19d07e9f01e5b9be4f28801cf7c60d0fa0d279951b18fae1932b"},
  {file = "orjson-3.10.6-cp311-cp311-manylinux_2_17_armv7l.manylinux2014_armv7l.whl", hash = "sha256:ac3045267e98fe749408eee1593a142e02357c5c99be0802185ef2170086a863"},
  {file = "orjson-3.10.6-cp311-cp311-manylinux_2_17_ppc64le.manylinux2014_ppc64le.whl", hash = "sha256:c27bc6a28ae95923350ab382c57113abd38f3928af3c80be6f2ba7eb8d8db0b0"},
  {file = "orjson-3.10.6-cp311-cp311-manylinux_2_17_s390x.manylinux2014_s390x.whl", hash = "sha256:d27456491ca79532d11e507cadca37fb8c9324a3976294f68fb1eff2dc6ced5a"},
  {file = "orjson-3.10.6-cp311-cp311-manylinux_2_17_x86_64.manylinux2014_x86_64.whl", hash = "sha256:05ac3d3916023745aa3b3b388e91b9166be1ca02b7c7e41045da6d12985685f0"},
  {file = "orjson-3.10.6-cp311-cp311-musllinux_1_2_aarch64.whl", hash = "sha256:1335d4ef59ab85cab66fe73fd7a4e881c298ee7f63ede918b7faa1b27cbe5212"},
  {file = "orjson-3.10.6-cp311-cp311-musllinux_1_2_x86_64.whl", hash = "sha256:4bbc6d0af24c1575edc79994c20e1b29e6fb3c6a570371306db0993ecf144dc5"},
  {file = "orjson-3.10.6-cp311-none-win32.whl", hash = "sha256:450e39ab1f7694465060a0550b3f6d328d20297bf2e06aa947b97c21e5241fbd"},
  {file = "orjson-3.10.6-cp311-none-win_amd64.whl", hash = "sha256:227df19441372610b20e05bdb906e1742ec2ad7a66ac8350dcfd29a63014a83b"},
  {file = "orjson-3.10.6-cp312-cp312-macosx_10_15_x86_64.macosx_11_0_arm64.macosx_10_15_universal2.whl", hash = "sha256:ea2977b21f8d5d9b758bb3f344a75e55ca78e3ff85595d248eee813ae23ecdfb"},
  {file = "orjson-3.10.6-cp312-cp312-manylinux_2_17_aarch64.manylinux2014_aarch64.whl", hash = "sha256:b6f3d167d13a16ed263b52dbfedff52c962bfd3d270b46b7518365bcc2121eed"},
  {file = "orjson-3.10.6-cp312-cp312-manylinux_2_17_armv7l.manylinux2014_armv7l.whl", hash = "sha256:f710f346e4c44a4e8bdf23daa974faede58f83334289df80bc9cd12fe82573c7"},
  {file = "orjson-3.10.6-cp312-cp312-manylinux_2_17_ppc64le.manylinux2014_ppc64le.whl", hash = "sha256:7275664f84e027dcb1ad5200b8b18373e9c669b2a9ec33d410c40f5ccf4b257e"},
  {file = "orjson-3.10.6-cp312-cp312-manylinux_2_17_s390x.manylinux2014_s390x.whl", hash = "sha256:0943e4c701196b23c240b3d10ed8ecd674f03089198cf503105b474a4f77f21f"},
  {file = "orjson-3.10.6-cp312-cp312-manylinux_2_17_x86_64.manylinux2014_x86_64.whl", hash = "sha256:446dee5a491b5bc7d8f825d80d9637e7af43f86a331207b9c9610e2f93fee22a"},
  {file = "orjson-3.10.6-cp312-cp312-musllinux_1_2_aarch64.whl", hash = "sha256:64c81456d2a050d380786413786b057983892db105516639cb5d3ee3c7fd5148"},
  {file = "orjson-3.10.6-cp312-cp312-musllinux_1_2_x86_64.whl", hash = "sha256:960db0e31c4e52fa0fc3ecbaea5b2d3b58f379e32a95ae6b0ebeaa25b93dfd34"},
  {file = "orjson-3.10.6-cp312-none-win32.whl", hash = "sha256:a6ea7afb5b30b2317e0bee03c8d34c8181bc5a36f2afd4d0952f378972c4efd5"},
  {file = "orjson-3.10.6-cp312-none-win_amd64.whl", hash = "sha256:874ce88264b7e655dde4aeaacdc8fd772a7962faadfb41abe63e2a4861abc3dc"},
  {file = "orjson-3.10.6-cp38-cp38-macosx_10_15_x86_64.macosx_11_0_arm64.macosx_10_15_universal2.whl", hash = "sha256:66680eae4c4e7fc193d91cfc1353ad6d01b4801ae9b5314f17e11ba55e934183"},
  {file = "orjson-3.10.6-cp38-cp38-manylinux_2_17_aarch64.manylinux2014_aarch64.whl", hash = "sha256:caff75b425db5ef8e8f23af93c80f072f97b4fb3afd4af44482905c9f588da28"},
  {file = "orjson-3.10.6-cp38-cp38-manylinux_2_17_armv7l.manylinux2014_armv7l.whl", hash = "sha256:3722fddb821b6036fd2a3c814f6bd9b57a89dc6337b9924ecd614ebce3271394"},
  {file = "orjson-3.10.6-cp38-cp38-manylinux_2_17_ppc64le.manylinux2014_ppc64le.whl", hash = "sha256:c2c116072a8533f2fec435fde4d134610f806bdac20188c7bd2081f3e9e0133f"},
  {file = "orjson-3.10.6-cp38-cp38-manylinux_2_17_s390x.manylinux2014_s390x.whl", hash = "sha256:6eeb13218c8cf34c61912e9df2de2853f1d009de0e46ea09ccdf3d757896af0a"},
  {file = "orjson-3.10.6-cp38-cp38-manylinux_2_17_x86_64.manylinux2014_x86_64.whl", hash = "sha256:965a916373382674e323c957d560b953d81d7a8603fbeee26f7b8248638bd48b"},
  {file = "orjson-3.10.6-cp38-cp38-musllinux_1_2_aarch64.whl", hash = "sha256:03c95484d53ed8e479cade8628c9cea00fd9d67f5554764a1110e0d5aa2de96e"},
  {file = "orjson-3.10.6-cp38-cp38-musllinux_1_2_x86_64.whl", hash = "sha256:e060748a04cccf1e0a6f2358dffea9c080b849a4a68c28b1b907f272b5127e9b"},
  {file = "orjson-3.10.6-cp38-none-win32.whl", hash = "sha256:738dbe3ef909c4b019d69afc19caf6b5ed0e2f1c786b5d6215fbb7539246e4c6"},
  {file = "orjson-3.10.6-cp38-none-win_amd64.whl", hash = "sha256:d40f839dddf6a7d77114fe6b8a70218556408c71d4d6e29413bb5f150a692ff7"},
  {file = "orjson-3.10.6-cp39-cp39-macosx_10_15_x86_64.macosx_11_0_arm64.macosx_10_15_universal2.whl", hash = "sha256:697a35a083c4f834807a6232b3e62c8b280f7a44ad0b759fd4dce748951e70db"},
  {file = "orjson-3.10.6-cp39-cp39-manylinux_2_17_aarch64.manylinux2014_aarch64.whl", hash = "sha256:fd502f96bf5ea9a61cbc0b2b5900d0dd68aa0da197179042bdd2be67e51a1e4b"},
  {file = "orjson-3.10.6-cp39-cp39-manylinux_2_17_armv7l.manylinux2014_armv7l.whl", hash = "sha256:f215789fb1667cdc874c1b8af6a84dc939fd802bf293a8334fce185c79cd359b"},
  {file = "orjson-3.10.6-cp39-cp39-manylinux_2_17_ppc64le.manylinux2014_ppc64le.whl", hash = "sha256:a2debd8ddce948a8c0938c8c93ade191d2f4ba4649a54302a7da905a81f00b56"},
  {file = "orjson-3.10.6-cp39-cp39-manylinux_2_17_s390x.manylinux2014_s390x.whl", hash = "sha256:5410111d7b6681d4b0d65e0f58a13be588d01b473822483f77f513c7f93bd3b2"},
  {file = "orjson-3.10.6-cp39-cp39-manylinux_2_17_x86_64.manylinux2014_x86_64.whl", hash = "sha256:bb1f28a137337fdc18384079fa5726810681055b32b92253fa15ae5656e1dddb"},
  {file = "orjson-3.10.6-cp39-cp39-musllinux_1_2_aarch64.whl", hash = "sha256:bf2fbbce5fe7cd1aa177ea3eab2b8e6a6bc6e8592e4279ed3db2d62e57c0e1b2"},
  {file = "orjson-3.10.6-cp39-cp39-musllinux_1_2_x86_64.whl", hash = "sha256:79b9b9e33bd4c517445a62b90ca0cc279b0f1f3970655c3df9e608bc3f91741a"},
  {file = "orjson-3.10.6-cp39-none-win32.whl", hash = "sha256:30b0a09a2014e621b1adf66a4f705f0809358350a757508ee80209b2d8dae219"},
  {file = "orjson-3.10.6-cp39-none-win_amd64.whl", hash = "sha256:49e3bc615652617d463069f91b867a4458114c5b104e13b7ae6872e5f79d0844"},
  {file = "orjson-3.10.6.tar.gz", hash = "sha256:e54b63d0a7c6c54a5f5f726bc93a2078111ef060fec4ecbf34c5db800ca3b3a7"}
]
name = "orjson"
optional = false
python-versions = ">=3.8"
version = "3.10.6"

[[package]]
description = "Core utilities for Python packages"
files = [
  {file = "packaging-24.1-py3-none-any.whl", hash = "sha256:5b8f2217dbdbd2f7f384c41c628544e6d52f2d0f53c6d0c3ea61aa5d1d7ff124"},
  {file = "packaging-24.1.tar.gz", hash = "sha256:026ed72c8ed3fcce5bf8950572258698927fd1dbda10a5e981cdf0ac37f4f002"}
]
name = "packaging"
optional = false
python-versions = ">=3.8"
version = "24.1"

[[package]]
description = "plugin and hook calling mechanisms for python"
files = [
  {file = "pluggy-1.5.0-py3-none-any.whl", hash = "sha256:44e1ad92c8ca002de6377e165f3e0f1be63266ab4d554740532335b9d75ea669"},
  {file = "pluggy-1.5.0.tar.gz", hash = "sha256:2cffa88e94fdc978c4c574f15f9e59b7f4201d439195c3715ca9e2486f1d0cf1"}
]
name = "pluggy"
optional = false
python-versions = ">=3.8"
version = "1.5.0"

[package.extras]
dev = ["pre-commit", "tox"]
testing = ["pytest", "pytest-benchmark"]

[[package]]
description = "pytest: simple powerful testing with Python"
files = [
  {file = "pytest-8.3.1-py3-none-any.whl", hash = "sha256:e9600ccf4f563976e2c99fa02c7624ab938296551f280835ee6516df8bc4ae8c"},
  {file = "pytest-8.3.1.tar.gz", hash = "sha256:7e8e5c5abd6e93cb1cc151f23e57adc31fcf8cfd2a3ff2da63e23f732de35db6"}
]
name = "pytest"
optional = false
python-versions = ">=3.8"
version = "8.3.1"

[package.dependencies]
colorama = {version = "*", markers = "sys_platform == \"win32\""}
iniconfig = "*"
packaging = "*"
pluggy = ">=1.5,<2"

[package.extras]
dev = ["argcomplete", "attrs (>=19.2)", "hypothesis (>=3.56)", "mock", "pygments (>=2.7.2)", "requests", "setuptools", "xmlschema"]
